
Microsoft Visual Studio Solution File, Format Version 12.00
# Visual Studio 15
VisualStudioVersion = 15.0.27703.2035
MinimumVisualStudioVersion = 10.0.40219.1
Project("{FAE04EC0-301F-11D3-BF4B-00C04F79EFBC}") = "WinlogbeatFirehoseProxy", "WinlogbeatFirehoseProxy\WinlogbeatFirehoseProxy.csproj", "{F2E0C1B8-50DF-4349-A3B5-D8DDDCBC9DB7}"
EndProject
Project("{FAE04EC0-301F-11D3-BF4B-00C04F79EFBC}") = "WinlogbeatFirehoseProxy.Console", "WinlogbeatFirehoseProxy.Console\WinlogbeatFirehoseProxy.Console.csproj", "{393697E4-03D3-4335-B3EF-096C062D0EC1}"
EndProject
Project("{2150E333-8FDC-42A3-9474-1A3956D46DE8}") = "Solution Items", "Solution Items", "{8B0C8CE2-CD2F-4637-BD28-6C856E8E5C9A}"
	ProjectSection(SolutionItems) = preProject
		appveyor.yml = appveyor.yml
		LICENSE = LICENSE
	EndProjectSection
EndProject
Global
	GlobalSection(SolutionConfigurationPlatforms) = preSolution
		Debug|Any CPU = Debug|Any CPU
		Release|Any CPU = Release|Any CPU
	EndGlobalSection
	GlobalSection(ProjectConfigurationPlatforms) = postSolution
		{F2E0C1B8-50DF-4349-A3B5-D8DDDCBC9DB7}.Debug|Any CPU.ActiveCfg = Debug|Any CPU
		{F2E0C1B8-50DF-4349-A3B5-D8DDDCBC9DB7}.Debug|Any CPU.Build.0 = Debug|Any CPU
		{F2E0C1B8-50DF-4349-A3B5-D8DDDCBC9DB7}.Release|Any CPU.ActiveCfg = Release|Any CPU
		{F2E0C1B8-50DF-4349-A3B5-D8DDDCBC9DB7}.Release|Any CPU.Build.0 = Release|Any CPU
		{393697E4-03D3-4335-B3EF-096C062D0EC1}.Debug|Any CPU.ActiveCfg = Debug|Any CPU
		{393697E4-03D3-4335-B3EF-096C062D0EC1}.Debug|Any CPU.Build.0 = Debug|Any CPU
		{393697E4-03D3-4335-B3EF-096C062D0EC1}.Release|Any CPU.ActiveCfg = Release|Any CPU
		{393697E4-03D3-4335-B3EF-096C062D0EC1}.Release|Any CPU.Build.0 = Release|Any CPU
	EndGlobalSection
	GlobalSection(SolutionProperties) = preSolution
		HideSolutionNode = FALSE
	EndGlobalSection
	GlobalSection(ExtensibilityGlobals) = postSolution
		SolutionGuid = {57D98CDF-06A9-499C-970B-04065DE85055}
	EndGlobalSection
EndGlobal
